
Microsoft Visual Studio Solution File, Format Version 12.00
# Visual Studio Version 17
VisualStudioVersion = 17.2.32516.85
MinimumVisualStudioVersion = 10.0.40219.1
Project("{FAE04EC0-301F-11D3-BF4B-00C04F79EFBC}") = "minimal_api_microservice", "minimal_api_microservice\minimal_api_microservice.csproj", "{0DA2ED68-BE43-499C-AC5E-381804C12000}"
EndProject
Global
	GlobalSection(SolutionConfigurationPlatforms) = preSolution
		Debug|Any CPU = Debug|Any CPU
		Release|Any CPU = Release|Any CPU
	EndGlobalSection
	GlobalSection(ProjectConfigurationPlatforms) = postSolution
		{0DA2ED68-BE43-499C-AC5E-381804C12000}.Debug|Any CPU.ActiveCfg = Debug|Any CPU
		{0DA2ED68-BE43-499C-AC5E-381804C12000}.Debug|Any CPU.Build.0 = Debug|Any CPU
		{0DA2ED68-BE43-499C-AC5E-381804C12000}.Release|Any CPU.ActiveCfg = Release|Any CPU
		{0DA2ED68-BE43-499C-AC5E-381804C12000}.Release|Any CPU.Build.0 = Release|Any CPU
	EndGlobalSection
	GlobalSection(SolutionProperties) = preSolution
		HideSolutionNode = FALSE
	EndGlobalSection
	GlobalSection(ExtensibilityGlobals) = postSolution
		SolutionGuid = {B1F526D8-01E0-45ED-88AF-1618939305A6}
	EndGlobalSection
EndGlobal
